
Microsoft Visual Studio Solution File, Format Version 12.00
# Visual Studio Version 17
VisualStudioVersion = 17.1.32421.90
MinimumVisualStudioVersion = 10.0.40219.1
Project("{8BC9CEB8-8B4A-11D0-8D11-00A0C91BC942}") = "0x0011-createfile", "0x0011-createfile.vcxproj", "{0598BC6D-DD09-4E56-AE56-DBE098100A7A}"
EndProject
Global
	GlobalSection(SolutionConfigurationPlatforms) = preSolution
		Debug|x64 = Debug|x64
		Debug|x86 = Debug|x86
		Release|x64 = Release|x64
		Release|x86 = Release|x86
	EndGlobalSection
	GlobalSection(ProjectConfigurationPlatforms) = postSolution
		{0598BC6D-DD09-4E56-AE56-DBE098100A7A}.Debug|x64.ActiveCfg = Debug|x64
		{0598BC6D-DD09-4E56-AE56-DBE098100A7A}.Debug|x64.Build.0 = Debug|x64
		{0598BC6D-DD09-4E56-AE56-DBE098100A7A}.Debug|x86.ActiveCfg = Debug|Win32
		{0598BC6D-DD09-4E56-AE56-DBE098100A7A}.Debug|x86.Build.0 = Debug|Win32
		{0598BC6D-DD09-4E56-AE56-DBE098100A7A}.Release|x64.ActiveCfg = Release|x64
		{0598BC6D-DD09-4E56-AE56-DBE098100A7A}.Release|x64.Build.0 = Release|x64
		{0598BC6D-DD09-4E56-AE56-DBE098100A7A}.Release|x86.ActiveCfg = Release|Win32
		{0598BC6D-DD09-4E56-AE56-DBE098100A7A}.Release|x86.Build.0 = Release|Win32
	EndGlobalSection
	GlobalSection(SolutionProperties) = preSolution
		HideSolutionNode = FALSE
	EndGlobalSection
	GlobalSection(ExtensibilityGlobals) = postSolution
		SolutionGuid = {A0EA1448-AAC6-4702-B109-8EB305700454}
	EndGlobalSection
EndGlobal
